uuid: 48a738f6-6334-4c2f-a5b5-b4f6ce91a6b5
langcode: en
status: true
dependencies:
  module:
    - magnet
  theme:
    - mapvr
id: magnetinventorystatusblock
theme: mapvr
region: content
weight: -17
provider: null
plugin: magnet_inventory_status
settings:
  id: magnet_inventory_status
  label: 'Magnet inventory status block'
  label_display: '0'
  provider: magnet
visibility: {  }
